// !$*UTF8*$!
{
	archiveVersion = 1;
	classes = {
	};
	objectVersion = 77;
	objects = {

/* Begin PBXBuildFile section */
		D30000010000000000000001 /* LICENSE in Resources */ = {isa = PBXBuildFile; fileRef = D30000020000000000000002 /* LICENSE */; };
		E30000000000000000000001 /* Markdown in Frameworks */ = {isa = PBXBuildFile; productRef = E20000000000000000000001 /* Markdown */; };
		E30000000000000000000003 /* SwiftTreeSitter in Frameworks */ = {isa = PBXBuildFile; productRef = E20000000000000000000003 /* SwiftTreeSitter */; };
		E30000000000000000000004 /* SwiftTreeSitterLayer in Frameworks */ = {isa = PBXBuildFile; productRef = E20000000000000000000004 /* SwiftTreeSitterLayer */; };
		E30000000000000000000005 /* TreeSitterSwift in Frameworks */ = {isa = PBXBuildFile; productRef = E20000000000000000000005 /* TreeSitterSwift */; };
		E30000000000000000000006 /* TreeSitterLua in Frameworks */ = {isa = PBXBuildFile; productRef = E20000000000000000000006 /* TreeSitterLua */; };
		E30000000000000000000007 /* TreeSitterYAML in Frameworks */ = {isa = PBXBuildFile; productRef = E20000000000000000000007 /* TreeSitterYAML */; };
		E30000000000000000000008 /* TreeSitterJavaScript in Frameworks */ = {isa = PBXBuildFile; productRef = E20000000000000000000008 /* TreeSitterJavaScript */; };
		E30000000000000000000009 /* TreeSitterTypeScript in Frameworks */ = {isa = PBXBuildFile; productRef = E20000000000000000000009 /* TreeSitterTypeScript */; };
		E3000000000000000000000A /* TreeSitterJSON in Frameworks */ = {isa = PBXBuildFile; productRef = E2000000000000000000000A /* TreeSitterJSON */; };
		E3000000000000000000000B /* TreeSitterBash in Frameworks */ = {isa = PBXBuildFile; productRef = E2000000000000000000000B /* TreeSitterBash */; };
		E3000000000000000000000C /* TreeSitterPython in Frameworks */ = {isa = PBXBuildFile; productRef = E2000000000000000000000C /* TreeSitterPython */; };
		E3000000000000000000000D /* TreeSitterGo in Frameworks */ = {isa = PBXBuildFile; productRef = E2000000000000000000000D /* TreeSitterGo */; };
		E3000000000000000000000E /* TreeSitterDockerfile in Frameworks */ = {isa = PBXBuildFile; productRef = E2000000000000000000000E /* TreeSitterDockerfile */; };
		E3000000000000000000000F /* TreeSitterSqlBigquery in Frameworks */ = {isa = PBXBuildFile; productRef = E2000000000000000000000F /* TreeSitterSqlBigquery */; };
/* End PBXBuildFile section */

/* Begin PBXContainerItemProxy section */
		B15000100000000000000010 /* PBXContainerItemProxy */ = {
			isa = PBXContainerItemProxy;
			containerPortal = A19D4CBF3008804300E085C0 /* Project object */;
			proxyType = 1;
			remoteGlobalIDString = A19D4CC63008804300E085C0;
			remoteInfo = Mark;
		};
/* End PBXContainerItemProxy section */

/* Begin PBXFileReference section */
		A19D4CC73008804300E085C0 /* DiagramDown.app */ = {isa = PBXFileReference; explicitFileType = wrapper.application; includeInIndex = 0; path = DiagramDown.app; sourceTree = BUILT_PRODUCTS_DIR; };
		B15000010000000000000001 /* MarkTests.xctest */ = {isa = PBXFileReference; explicitFileType = wrapper.cfbundle; includeInIndex = 0; path = MarkTests.xctest; sourceTree = BUILT_PRODUCTS_DIR; };
		D30000020000000000000002 /* LICENSE */ = {isa = PBXFileReference; lastKnownFileType = text; path = LICENSE; sourceTree = SOURCE_ROOT; };
/* End PBXFileReference section */

/* Begin PBXFileSystemSynchronizedRootGroup section */
		A19D4CC93008804300E085C0 /* Mark */ = {
			isa = PBXFileSystemSynchronizedRootGroup;
			path = Mark;
			sourceTree = "<group>";
		};
		B15000020000000000000002 /* MarkTests */ = {
			isa = PBXFileSystemSynchronizedRootGroup;
			path = MarkTests;
			sourceTree = "<group>";
		};
/* End PBXFileSystemSynchronizedRootGroup section */

/* Begin PBXFrameworksBuildPhase section */
		A19D4CC43008804300E085C0 /* Frameworks */ = {
			isa = PBXFrameworksBuildPhase;
			buildActionMask = 2147483647;
			files = (
				E30000000000000000000001 /* Markdown in Frameworks */,
				E30000000000000000000003 /* SwiftTreeSitter in Frameworks */,
				E30000000000000000000004 /* SwiftTreeSitterLayer in Frameworks */,
				E30000000000000000000005 /* TreeSitterSwift in Frameworks */,
				E30000000000000000000006 /* TreeSitterLua in Frameworks */,
				E30000000000000000000007 /* TreeSitterYAML in Frameworks */,
				E30000000000000000000008 /* TreeSitterJavaScript in Frameworks */,
				E30000000000000000000009 /* TreeSitterTypeScript in Frameworks */,
				E3000000000000000000000A /* TreeSitterJSON in Frameworks */,
				E3000000000000000000000B /* TreeSitterBash in Frameworks */,
				E3000000000000000000000C /* TreeSitterPython in Frameworks */,
				E3000000000000000000000D /* TreeSitterGo in Frameworks */,
				E3000000000000000000000E /* TreeSitterDockerfile in Frameworks */,
				E3000000000000000000000F /* TreeSitterSqlBigquery in Frameworks */,
			);
			runOnlyForDeploymentPostprocessing = 0;
		};
		B15000030000000000000003 /* Frameworks */ = {
			isa = PBXFrameworksBuildPhase;
			buildActionMask = 2147483647;
			files = (
			);
			runOnlyForDeploymentPostprocessing = 0;
		};
/* End PBXFrameworksBuildPhase section */

/* Begin PBXGroup section */
		A19D4CBE3008804300E085C0 = {
			isa = PBXGroup;
			children = (
				A19D4CC93008804300E085C0 /* Mark */,
				B15000020000000000000002 /* MarkTests */,
				D30000020000000000000002 /* LICENSE */,
				A19D4CC83008804300E085C0 /* Products */,
			);
			sourceTree = "<group>";
		};
		A19D4CC83008804300E085C0 /* Products */ = {
			isa = PBXGroup;
			children = (
				A19D4CC73008804300E085C0 /* DiagramDown.app */,
				B15000010000000000000001 /* MarkTests.xctest */,
			);
			name = Products;
			sourceTree = "<group>";
		};
/* End PBXGroup section */

/* Begin PBXNativeTarget section */
		A19D4CC63008804300E085C0 /* Mark */ = {
			isa = PBXNativeTarget;
			buildConfigurationList = A19D4CD23008804400E085C0 /* Build configuration list for PBXNativeTarget "Mark" */;
			buildPhases = (
				A19D4CC33008804300E085C0 /* Sources */,
				A19D4CC43008804300E085C0 /* Frameworks */,
				A19D4CC53008804300E085C0 /* Resources */,
			);
			buildRules = (
			);
			dependencies = (
			);
			fileSystemSynchronizedGroups = (
				A19D4CC93008804300E085C0 /* Mark */,
			);
			name = Mark;
			packageProductDependencies = (
				E20000000000000000000001 /* Markdown */,
				E20000000000000000000003 /* SwiftTreeSitter */,
				E20000000000000000000004 /* SwiftTreeSitterLayer */,
				E20000000000000000000005 /* TreeSitterSwift */,
				E20000000000000000000006 /* TreeSitterLua */,
				E20000000000000000000007 /* TreeSitterYAML */,
				E20000000000000000000008 /* TreeSitterJavaScript */,
				E20000000000000000000009 /* TreeSitterTypeScript */,
				E2000000000000000000000A /* TreeSitterJSON */,
				E2000000000000000000000B /* TreeSitterBash */,
				E2000000000000000000000C /* TreeSitterPython */,
				E2000000000000000000000D /* TreeSitterGo */,
				E2000000000000000000000E /* TreeSitterDockerfile */,
				E2000000000000000000000F /* TreeSitterSqlBigquery */,
			);
			productName = DiagramDown;
			productReference = A19D4CC73008804300E085C0 /* DiagramDown.app */;
			productType = "com.apple.product-type.application";
		};
		B15000060000000000000006 /* MarkTests */ = {
			isa = PBXNativeTarget;
			buildConfigurationList = B15000070000000000000007 /* Build configuration list for PBXNativeTarget "MarkTests" */;
			buildPhases = (
				B15000050000000000000005 /* Sources */,
				B15000030000000000000003 /* Frameworks */,
				B15000040000000000000004 /* Resources */,
			);
			buildRules = (
			);
			dependencies = (
				B15000110000000000000011 /* PBXTargetDependency */,
			);
			fileSystemSynchronizedGroups = (
				B15000020000000000000002 /* MarkTests */,
			);
			name = MarkTests;
			packageProductDependencies = (
			);
			productName = MarkTests;
			productReference = B15000010000000000000001 /* MarkTests.xctest */;
			productType = "com.apple.product-type.bundle.unit-test";
		};
/* End PBXNativeTarget section */

/* Begin PBXProject section */
		A19D4CBF3008804300E085C0 /* Project object */ = {
			isa = PBXProject;
			attributes = {
				BuildIndependentTargetsInParallel = 1;
				LastSwiftUpdateCheck = 2660;
				LastUpgradeCheck = 2660;
				TargetAttributes = {
					A19D4CC63008804300E085C0 = {
						CreatedOnToolsVersion = 26.6;
					};
					B15000060000000000000006 = {
						CreatedOnToolsVersion = 26.6;
						TestTargetID = A19D4CC63008804300E085C0;
					};
				};
			};
			buildConfigurationList = A19D4CC23008804300E085C0 /* Build configuration list for PBXProject "Mark" */;
			developmentRegion = en;
			hasScannedForEncodings = 0;
			knownRegions = (
				en,
				Base,
			);
			mainGroup = A19D4CBE3008804300E085C0;
			minimizedProjectReferenceProxies = 1;
			packageReferences = (
				E10000000000000000000001 /* XCRemoteSwiftPackageReference "swift-markdown" */,
				E10000000000000000000003 /* XCRemoteSwiftPackageReference "swift-tree-sitter" */,
				E10000000000000000000004 /* XCRemoteSwiftPackageReference "tree-sitter-swift" */,
				E10000000000000000000005 /* XCRemoteSwiftPackageReference "tree-sitter-lua" */,
				E10000000000000000000006 /* XCRemoteSwiftPackageReference "tree-sitter-yaml" */,
				E10000000000000000000007 /* XCRemoteSwiftPackageReference "tree-sitter-javascript" */,
				E10000000000000000000008 /* XCRemoteSwiftPackageReference "tree-sitter-typescript" */,
				E10000000000000000000009 /* XCRemoteSwiftPackageReference "tree-sitter-json" */,
				E1000000000000000000000A /* XCRemoteSwiftPackageReference "tree-sitter-bash" */,
				E1000000000000000000000B /* XCRemoteSwiftPackageReference "tree-sitter-python" */,
				E1000000000000000000000C /* XCRemoteSwiftPackageReference "tree-sitter-go" */,
				E1000000000000000000000D /* XCRemoteSwiftPackageReference "tree-sitter-dockerfile" */,
				E1000000000000000000000E /* XCRemoteSwiftPackageReference "tree-sitter-sql-bigquery" */,
			);
			preferredProjectObjectVersion = 77;
			productRefGroup = A19D4CC83008804300E085C0 /* Products */;
			projectDirPath = "";
			projectRoot = "";
			targets = (
				A19D4CC63008804300E085C0 /* Mark */,
				B15000060000000000000006 /* MarkTests */,
			);
		};
/* End PBXProject section */

/* Begin PBXResourcesBuildPhase section */
		A19D4CC53008804300E085C0 /* Resources */ = {
			isa = PBXResourcesBuildPhase;
			buildActionMask = 2147483647;
			files = (
				D30000010000000000000001 /* LICENSE in Resources */,
			);
			runOnlyForDeploymentPostprocessing = 0;
		};
		B15000040000000000000004 /* Resources */ = {
			isa = PBXResourcesBuildPhase;
			buildActionMask = 2147483647;
			files = (
			);
			runOnlyForDeploymentPostprocessing = 0;
		};
/* End PBXResourcesBuildPhase section */

/* Begin PBXSourcesBuildPhase section */
		A19D4CC33008804300E085C0 /* Sources */ = {
			isa = PBXSourcesBuildPhase;
			buildActionMask = 2147483647;
			files = (
			);
			runOnlyForDeploymentPostprocessing = 0;
		};
		B15000050000000000000005 /* Sources */ = {
			isa = PBXSourcesBuildPhase;
			buildActionMask = 2147483647;
			files = (
			);
			runOnlyForDeploymentPostprocessing = 0;
		};
/* End PBXSourcesBuildPhase section */

/* Begin PBXTargetDependency section */
		B15000110000000000000011 /* PBXTargetDependency */ = {
			isa = PBXTargetDependency;
			target = A19D4CC63008804300E085C0 /* Mark */;
			targetProxy = B15000100000000000000010 /* PBXContainerItemProxy */;
		};
/* End PBXTargetDependency section */

/* Begin XCBuildConfiguration section */
		A19D4CD03008804400E085C0 /* Debug */ = {
			isa = XCBuildConfiguration;
			buildSettings = {
				ALWAYS_SEARCH_USER_PATHS = NO;
				ASSETCATALOG_COMPILER_GENERATE_SWIFT_ASSET_SYMBOL_EXTENSIONS = YES;
				CLANG_ANALYZER_NONNULL = YES;
				CLANG_ANALYZER_NUMBER_OBJECT_CONVERSION = YES_AGGRESSIVE;
				CLANG_CXX_LANGUAGE_STANDARD = "gnu++20";
				CLANG_ENABLE_MODULES = YES;
				CLANG_ENABLE_OBJC_ARC = YES;
				CLANG_ENABLE_OBJC_WEAK = YES;
				CLANG_WARN_BLOCK_CAPTURE_AUTORELEASING = YES;
				CLANG_WARN_BOOL_CONVERSION = YES;
				CLANG_WARN_COMMA = YES;
				CLANG_WARN_CONSTANT_CONVERSION = YES;
				CLANG_WARN_DEPRECATED_OBJC_IMPLEMENTATIONS = YES;
				CLANG_WARN_DIRECT_OBJC_ISA_USAGE = YES_ERROR;
				CLANG_WARN_DOCUMENTATION_COMMENTS = YES;
				CLANG_WARN_EMPTY_BODY = YES;
				CLANG_WARN_ENUM_CONVERSION = YES;
				CLANG_WARN_INFINITE_RECURSION = YES;
				CLANG_WARN_INT_CONVERSION = YES;
				CLANG_WARN_NON_LITERAL_NULL_CONVERSION = YES;
				CLANG_WARN_OBJC_IMPLICIT_RETAIN_SELF = YES;
				CLANG_WARN_OBJC_LITERAL_CONVERSION = YES;
				CLANG_WARN_OBJC_ROOT_CLASS = YES_ERROR;
				CLANG_WARN_QUOTED_INCLUDE_IN_FRAMEWORK_HEADER = YES;
				CLANG_WARN_RANGE_LOOP_ANALYSIS = YES;
				CLANG_WARN_STRICT_PROTOTYPES = YES;
				CLANG_WARN_SUSPICIOUS_MOVE = YES;
				CLANG_WARN_UNGUARDED_AVAILABILITY = YES_AGGRESSIVE;
				CLANG_WARN_UNREACHABLE_CODE = YES;
				CLANG_WARN__DUPLICATE_METHOD_MATCH = YES;
				COPY_PHASE_STRIP = NO;
				DEBUG_INFORMATION_FORMAT = dwarf;
				DEVELOPMENT_TEAM = QM6DZQY23F;
				ENABLE_STRICT_OBJC_MSGSEND = YES;
				ENABLE_TESTABILITY = YES;
				ENABLE_USER_SCRIPT_SANDBOXING = YES;
				GCC_C_LANGUAGE_STANDARD = gnu17;
				GCC_DYNAMIC_NO_PIC = NO;
				GCC_NO_COMMON_BLOCKS = YES;
				GCC_OPTIMIZATION_LEVEL = 0;
				GCC_PREPROCESSOR_DEFINITIONS = (
					"DEBUG=1",
					"$(inherited)",
				);
				GCC_WARN_64_TO_32_BIT_CONVERSION = YES;
				GCC_WARN_ABOUT_RETURN_TYPE = YES_ERROR;
				GCC_WARN_UNDECLARED_SELECTOR = YES;
				GCC_WARN_UNINITIALIZED_AUTOS = YES_AGGRESSIVE;
				GCC_WARN_UNUSED_FUNCTION = YES;
				GCC_WARN_UNUSED_VARIABLE = YES;
				LOCALIZATION_PREFERS_STRING_CATALOGS = YES;
				MACOSX_DEPLOYMENT_TARGET = 15.0;
				MTL_ENABLE_DEBUG_INFO = INCLUDE_SOURCE;
				MTL_FAST_MATH = YES;
				ONLY_ACTIVE_ARCH = YES;
				SDKROOT = macosx;
				SWIFT_ACTIVE_COMPILATION_CONDITIONS = "DEBUG $(inherited)";
				SWIFT_OPTIMIZATION_LEVEL = "-Onone";
			};
			name = Debug;
		};
		A19D4CD13008804400E085C0 /* Release */ = {
			isa = XCBuildConfiguration;
			buildSettings = {
				ALWAYS_SEARCH_USER_PATHS = NO;
				ASSETCATALOG_COMPILER_GENERATE_SWIFT_ASSET_SYMBOL_EXTENSIONS = YES;
				CLANG_ANALYZER_NONNULL = YES;
				CLANG_ANALYZER_NUMBER_OBJECT_CONVERSION = YES_AGGRESSIVE;
				CLANG_CXX_LANGUAGE_STANDARD = "gnu++20";
				CLANG_ENABLE_MODULES = YES;
				CLANG_ENABLE_OBJC_ARC = YES;
				CLANG_ENABLE_OBJC_WEAK = YES;
				CLANG_WARN_BLOCK_CAPTURE_AUTORELEASING = YES;
				CLANG_WARN_BOOL_CONVERSION = YES;
				CLANG_WARN_COMMA = YES;
				CLANG_WARN_CONSTANT_CONVERSION = YES;
				CLANG_WARN_DEPRECATED_OBJC_IMPLEMENTATIONS = YES;
				CLANG_WARN_DIRECT_OBJC_ISA_USAGE = YES_ERROR;
				CLANG_WARN_DOCUMENTATION_COMMENTS = YES;
				CLANG_WARN_EMPTY_BODY = YES;
				CLANG_WARN_ENUM_CONVERSION = YES;
				CLANG_WARN_INFINITE_RECURSION = YES;
				CLANG_WARN_INT_CONVERSION = YES;
				CLANG_WARN_NON_LITERAL_NULL_CONVERSION = YES;
				CLANG_WARN_OBJC_IMPLICIT_RETAIN_SELF = YES;
				CLANG_WARN_OBJC_LITERAL_CONVERSION = YES;
				CLANG_WARN_OBJC_ROOT_CLASS = YES_ERROR;
				CLANG_WARN_QUOTED_INCLUDE_IN_FRAMEWORK_HEADER = YES;
				CLANG_WARN_RANGE_LOOP_ANALYSIS = YES;
				CLANG_WARN_STRICT_PROTOTYPES = YES;
				CLANG_WARN_SUSPICIOUS_MOVE = YES;
				CLANG_WARN_UNGUARDED_AVAILABILITY = YES_AGGRESSIVE;
				CLANG_WARN_UNREACHABLE_CODE = YES;
				CLANG_WARN__DUPLICATE_METHOD_MATCH = YES;
				COPY_PHASE_STRIP = NO;
				DEBUG_INFORMATION_FORMAT = "dwarf-with-dsym";
				DEVELOPMENT_TEAM = QM6DZQY23F;
				ENABLE_NS_ASSERTIONS = NO;
				ENABLE_STRICT_OBJC_MSGSEND = YES;
				ENABLE_USER_SCRIPT_SANDBOXING = YES;
				GCC_C_LANGUAGE_STANDARD = gnu17;
				GCC_NO_COMMON_BLOCKS = YES;
				GCC_WARN_64_TO_32_BIT_CONVERSION = YES;
				GCC_WARN_ABOUT_RETURN_TYPE = YES_ERROR;
				GCC_WARN_UNDECLARED_SELECTOR = YES;
				GCC_WARN_UNINITIALIZED_AUTOS = YES_AGGRESSIVE;
				GCC_WARN_UNUSED_FUNCTION = YES;
				GCC_WARN_UNUSED_VARIABLE = YES;
				LOCALIZATION_PREFERS_STRING_CATALOGS = YES;
				MACOSX_DEPLOYMENT_TARGET = 15.0;
				MTL_ENABLE_DEBUG_INFO = NO;
				MTL_FAST_MATH = YES;
				SDKROOT = macosx;
				SWIFT_COMPILATION_MODE = wholemodule;
			};
			name = Release;
		};
		A19D4CD33008804400E085C0 /* Debug */ = {
			isa = XCBuildConfiguration;
			buildSettings = {
				ASSETCATALOG_COMPILER_APPICON_NAME = AppIcon;
				ASSETCATALOG_COMPILER_GLOBAL_ACCENT_COLOR_NAME = AccentColor;
				CODE_SIGN_STYLE = Automatic;
				COMBINE_HIDPI_IMAGES = YES;
				CURRENT_PROJECT_VERSION = 26;
				DEVELOPMENT_TEAM = QM6DZQY23F;
				ENABLE_APP_SANDBOX = NO;
				ENABLE_HARDENED_RUNTIME = YES;
				ENABLE_PREVIEWS = YES;
				GENERATE_INFOPLIST_FILE = NO;
				INFOPLIST_FILE = Info.plist;
				LD_RUNPATH_SEARCH_PATHS = (
					"$(inherited)",
					"@executable_path/../Frameworks",
				);
				MARKETING_VERSION = 0.26.0;
				PRODUCT_BUNDLE_IDENTIFIER = me.walt.diagramdown;
				PRODUCT_NAME = DiagramDown;
				REGISTER_APP_GROUPS = YES;
				STRING_CATALOG_GENERATE_SYMBOLS = YES;
				SWIFT_APPROACHABLE_CONCURRENCY = YES;
				SWIFT_DEFAULT_ACTOR_ISOLATION = MainActor;
				SWIFT_EMIT_LOC_STRINGS = YES;
				SWIFT_UPCOMING_FEATURE_MEMBER_IMPORT_VISIBILITY = YES;
				SWIFT_VERSION = 5.0;
				VERSIONING_SYSTEM = "apple-generic";
			};
			name = Debug;
		};
		A19D4CD43008804400E085C0 /* Release */ = {
			isa = XCBuildConfiguration;
			buildSettings = {
				ASSETCATALOG_COMPILER_APPICON_NAME = AppIcon;
				ASSETCATALOG_COMPILER_GLOBAL_ACCENT_COLOR_NAME = AccentColor;
				CODE_SIGN_INJECT_BASE_ENTITLEMENTS = NO;
				CODE_SIGN_STYLE = Automatic;
				COMBINE_HIDPI_IMAGES = YES;
				CURRENT_PROJECT_VERSION = 26;
				DEVELOPMENT_TEAM = QM6DZQY23F;
				ENABLE_APP_SANDBOX = NO;
				ENABLE_HARDENED_RUNTIME = YES;
				ENABLE_PREVIEWS = YES;
				GENERATE_INFOPLIST_FILE = NO;
				INFOPLIST_FILE = Info.plist;
				LD_RUNPATH_SEARCH_PATHS = (
					"$(inherited)",
					"@executable_path/../Frameworks",
				);
				MARKETING_VERSION = 0.26.0;
				PRODUCT_BUNDLE_IDENTIFIER = me.walt.diagramdown;
				PRODUCT_NAME = DiagramDown;
				REGISTER_APP_GROUPS = YES;
				STRING_CATALOG_GENERATE_SYMBOLS = YES;
				SWIFT_APPROACHABLE_CONCURRENCY = YES;
				SWIFT_DEFAULT_ACTOR_ISOLATION = MainActor;
				SWIFT_EMIT_LOC_STRINGS = YES;
				SWIFT_UPCOMING_FEATURE_MEMBER_IMPORT_VISIBILITY = YES;
				SWIFT_VERSION = 5.0;
				VERSIONING_SYSTEM = "apple-generic";
			};
			name = Release;
		};
		B15000080000000000000008 /* Debug */ = {
			isa = XCBuildConfiguration;
			buildSettings = {
				BUNDLE_LOADER = "$(TEST_HOST)";
				CODE_SIGN_STYLE = Automatic;
				CURRENT_PROJECT_VERSION = 26;
				DEVELOPMENT_TEAM = QM6DZQY23F;
				GENERATE_INFOPLIST_FILE = YES;
				MACOSX_DEPLOYMENT_TARGET = 15.0;
				PRODUCT_BUNDLE_IDENTIFIER = me.walt.diagramdown.tests;
				PRODUCT_NAME = "$(TARGET_NAME)";
				SWIFT_DEFAULT_ACTOR_ISOLATION = MainActor;
				SWIFT_EMIT_LOC_STRINGS = NO;
				SWIFT_VERSION = 5.0;
				TEST_HOST = "$(BUILT_PRODUCTS_DIR)/DiagramDown.app/Contents/MacOS/DiagramDown";
			};
			name = Debug;
		};
		B15000090000000000000009 /* Release */ = {
			isa = XCBuildConfiguration;
			buildSettings = {
				BUNDLE_LOADER = "$(TEST_HOST)";
				CODE_SIGN_STYLE = Automatic;
				CURRENT_PROJECT_VERSION = 26;
				DEVELOPMENT_TEAM = QM6DZQY23F;
				GENERATE_INFOPLIST_FILE = YES;
				MACOSX_DEPLOYMENT_TARGET = 15.0;
				PRODUCT_BUNDLE_IDENTIFIER = me.walt.diagramdown.tests;
				PRODUCT_NAME = "$(TARGET_NAME)";
				SWIFT_DEFAULT_ACTOR_ISOLATION = MainActor;
				SWIFT_EMIT_LOC_STRINGS = NO;
				SWIFT_VERSION = 5.0;
				TEST_HOST = "$(BUILT_PRODUCTS_DIR)/DiagramDown.app/Contents/MacOS/DiagramDown";
			};
			name = Release;
		};
/* End XCBuildConfiguration section */

/* Begin XCRemoteSwiftPackageReference section */
		E10000000000000000000001 /* XCRemoteSwiftPackageReference "swift-markdown" */ = {
			isa = XCRemoteSwiftPackageReference;
			repositoryURL = "https://github.com/swiftlang/swift-markdown.git";
			requirement = { kind = exactVersion; version = 0.8.0; };
		};
		E10000000000000000000003 /* XCRemoteSwiftPackageReference "swift-tree-sitter" */ = {
			isa = XCRemoteSwiftPackageReference;
			repositoryURL = "https://github.com/tree-sitter/swift-tree-sitter.git";
			requirement = { kind = exactVersion; version = 0.25.0; };
		};
		E10000000000000000000004 /* XCRemoteSwiftPackageReference "tree-sitter-swift" */ = {
			isa = XCRemoteSwiftPackageReference;
			repositoryURL = "https://github.com/alex-pinkus/tree-sitter-swift.git";
			requirement = { kind = exactVersion; version = "0.7.3-with-generated-files"; };
		};
		E10000000000000000000005 /* XCRemoteSwiftPackageReference "tree-sitter-lua" */ = {
			isa = XCRemoteSwiftPackageReference;
			repositoryURL = "https://github.com/tree-sitter-grammars/tree-sitter-lua.git";
			requirement = { kind = exactVersion; version = 0.3.0; };
		};
		E10000000000000000000006 /* XCRemoteSwiftPackageReference "tree-sitter-yaml" */ = {
			isa = XCRemoteSwiftPackageReference;
			repositoryURL = "https://github.com/tree-sitter-grammars/tree-sitter-yaml.git";
			requirement = { kind = exactVersion; version = 0.7.0; };
		};
		E10000000000000000000007 /* XCRemoteSwiftPackageReference "tree-sitter-javascript" */ = {
			isa = XCRemoteSwiftPackageReference;
			repositoryURL = "https://github.com/tree-sitter/tree-sitter-javascript.git";
			requirement = { kind = exactVersion; version = 0.23.1; };
		};
		E10000000000000000000008 /* XCRemoteSwiftPackageReference "tree-sitter-typescript" */ = {
			isa = XCRemoteSwiftPackageReference;
			repositoryURL = "https://github.com/tree-sitter/tree-sitter-typescript.git";
			requirement = { kind = exactVersion; version = 0.23.2; };
		};
		E10000000000000000000009 /* XCRemoteSwiftPackageReference "tree-sitter-json" */ = {
			isa = XCRemoteSwiftPackageReference;
			repositoryURL = "https://github.com/tree-sitter/tree-sitter-json.git";
			requirement = { kind = exactVersion; version = 0.24.8; };
		};
		E1000000000000000000000A /* XCRemoteSwiftPackageReference "tree-sitter-bash" */ = {
			isa = XCRemoteSwiftPackageReference;
			repositoryURL = "https://github.com/tree-sitter/tree-sitter-bash.git";
			requirement = { kind = exactVersion; version = 0.25.1; };
		};
		E1000000000000000000000B /* XCRemoteSwiftPackageReference "tree-sitter-python" */ = {
			isa = XCRemoteSwiftPackageReference;
			repositoryURL = "https://github.com/tree-sitter/tree-sitter-python.git";
			requirement = { kind = exactVersion; version = 0.23.6; };
		};
		E1000000000000000000000C /* XCRemoteSwiftPackageReference "tree-sitter-go" */ = {
			isa = XCRemoteSwiftPackageReference;
			repositoryURL = "https://github.com/tree-sitter/tree-sitter-go.git";
			requirement = { kind = exactVersion; version = 0.25.0; };
		};
		E1000000000000000000000D /* XCRemoteSwiftPackageReference "tree-sitter-dockerfile" */ = {
			isa = XCRemoteSwiftPackageReference;
			repositoryURL = "https://github.com/camdencheek/tree-sitter-dockerfile.git";
			requirement = { kind = exactVersion; version = 0.2.0; };
		};
		E1000000000000000000000E /* XCRemoteSwiftPackageReference "tree-sitter-sql-bigquery" */ = {
			isa = XCRemoteSwiftPackageReference;
			repositoryURL = "https://github.com/takegue/tree-sitter-sql-bigquery.git";
			requirement = { kind = exactVersion; version = 0.8.0; };
		};
/* End XCRemoteSwiftPackageReference section */

/* Begin XCSwiftPackageProductDependency section */
		E20000000000000000000001 /* Markdown */ = {
			isa = XCSwiftPackageProductDependency;
			package = E10000000000000000000001 /* XCRemoteSwiftPackageReference "swift-markdown" */;
			productName = Markdown;
		};
		E20000000000000000000003 /* SwiftTreeSitter */ = {
			isa = XCSwiftPackageProductDependency;
			package = E10000000000000000000003 /* XCRemoteSwiftPackageReference "swift-tree-sitter" */;
			productName = SwiftTreeSitter;
		};
		E20000000000000000000004 /* SwiftTreeSitterLayer */ = {
			isa = XCSwiftPackageProductDependency;
			package = E10000000000000000000003 /* XCRemoteSwiftPackageReference "swift-tree-sitter" */;
			productName = SwiftTreeSitterLayer;
		};
		E20000000000000000000005 /* TreeSitterSwift */ = {
			isa = XCSwiftPackageProductDependency;
			package = E10000000000000000000004 /* XCRemoteSwiftPackageReference "tree-sitter-swift" */;
			productName = TreeSitterSwift;
		};
		E20000000000000000000006 /* TreeSitterLua */ = {
			isa = XCSwiftPackageProductDependency;
			package = E10000000000000000000005 /* XCRemoteSwiftPackageReference "tree-sitter-lua" */;
			productName = TreeSitterLua;
		};
		E20000000000000000000007 /* TreeSitterYAML */ = {
			isa = XCSwiftPackageProductDependency;
			package = E10000000000000000000006 /* XCRemoteSwiftPackageReference "tree-sitter-yaml" */;
			productName = TreeSitterYAML;
		};
		E20000000000000000000008 /* TreeSitterJavaScript */ = {
			isa = XCSwiftPackageProductDependency;
			package = E10000000000000000000007 /* XCRemoteSwiftPackageReference "tree-sitter-javascript" */;
			productName = TreeSitterJavaScript;
		};
		E20000000000000000000009 /* TreeSitterTypeScript */ = {
			isa = XCSwiftPackageProductDependency;
			package = E10000000000000000000008 /* XCRemoteSwiftPackageReference "tree-sitter-typescript" */;
			productName = TreeSitterTypeScript;
		};
		E2000000000000000000000A /* TreeSitterJSON */ = {
			isa = XCSwiftPackageProductDependency;
			package = E10000000000000000000009 /* XCRemoteSwiftPackageReference "tree-sitter-json" */;
			productName = TreeSitterJSON;
		};
		E2000000000000000000000B /* TreeSitterBash */ = {
			isa = XCSwiftPackageProductDependency;
			package = E1000000000000000000000A /* XCRemoteSwiftPackageReference "tree-sitter-bash" */;
			productName = TreeSitterBash;
		};
		E2000000000000000000000C /* TreeSitterPython */ = {
			isa = XCSwiftPackageProductDependency;
			package = E1000000000000000000000B /* XCRemoteSwiftPackageReference "tree-sitter-python" */;
			productName = TreeSitterPython;
		};
		E2000000000000000000000D /* TreeSitterGo */ = {
			isa = XCSwiftPackageProductDependency;
			package = E1000000000000000000000C /* XCRemoteSwiftPackageReference "tree-sitter-go" */;
			productName = TreeSitterGo;
		};
		E2000000000000000000000E /* TreeSitterDockerfile */ = {
			isa = XCSwiftPackageProductDependency;
			package = E1000000000000000000000D /* XCRemoteSwiftPackageReference "tree-sitter-dockerfile" */;
			productName = TreeSitterDockerfile;
		};
		E2000000000000000000000F /* TreeSitterSqlBigquery */ = {
			isa = XCSwiftPackageProductDependency;
			package = E1000000000000000000000E /* XCRemoteSwiftPackageReference "tree-sitter-sql-bigquery" */;
			productName = TreeSitterSqlBigquery;
		};
/* End XCSwiftPackageProductDependency section */

/* Begin XCConfigurationList section */
		A19D4CC23008804300E085C0 /* Build configuration list for PBXProject "Mark" */ = {
			isa = XCConfigurationList;
			buildConfigurations = (
				A19D4CD03008804400E085C0 /* Debug */,
				A19D4CD13008804400E085C0 /* Release */,
			);
			defaultConfigurationIsVisible = 0;
			defaultConfigurationName = Release;
		};
		A19D4CD23008804400E085C0 /* Build configuration list for PBXNativeTarget "Mark" */ = {
			isa = XCConfigurationList;
			buildConfigurations = (
				A19D4CD33008804400E085C0 /* Debug */,
				A19D4CD43008804400E085C0 /* Release */,
			);
			defaultConfigurationIsVisible = 0;
			defaultConfigurationName = Release;
		};
		B15000070000000000000007 /* Build configuration list for PBXNativeTarget "MarkTests" */ = {
			isa = XCConfigurationList;
			buildConfigurations = (
				B15000080000000000000008 /* Debug */,
				B15000090000000000000009 /* Release */,
			);
			defaultConfigurationIsVisible = 0;
			defaultConfigurationName = Release;
		};
/* End XCConfigurationList section */
	};
	rootObject = A19D4CBF3008804300E085C0 /* Project object */;
}
